
Microsoft Visual Studio Solution File, Format Version 12.00
# Visual Studio Version 17
VisualStudioVersion = 17.6.33815.320
MinimumVisualStudioVersion = 10.0.40219.1
Project("{FAE04EC0-301F-11D3-BF4B-00C04F79EFBC}") = "EmguQRCodeDetector", "EmguQRCodeDetector\EmguQRCodeDetector.csproj", "{D02760A9-25F8-4BFA-8B97-E5774C21AFA5}"
EndProject
Global
	GlobalSection(SolutionConfigurationPlatforms) = preSolution
		Debug|Any CPU = Debug|Any CPU
		Release|Any CPU = Release|Any CPU
	EndGlobalSection
	GlobalSection(ProjectConfigurationPlatforms) = postSolution
		{D02760A9-25F8-4BFA-8B97-E5774C21AFA5}.Debug|Any CPU.ActiveCfg = Debug|Any CPU
		{D02760A9-25F8-4BFA-8B97-E5774C21AFA5}.Debug|Any CPU.Build.0 = Debug|Any CPU
		{D02760A9-25F8-4BFA-8B97-E5774C21AFA5}.Release|Any CPU.ActiveCfg = Release|Any CPU
		{D02760A9-25F8-4BFA-8B97-E5774C21AFA5}.Release|Any CPU.Build.0 = Release|Any CPU
	EndGlobalSection
	GlobalSection(SolutionProperties) = preSolution
		HideSolutionNode = FALSE
	EndGlobalSection
	GlobalSection(ExtensibilityGlobals) = postSolution
		SolutionGuid = {DE507810-3971-411D-BF55-64FE0D8E4AB1}
	EndGlobalSection
EndGlobal
